
Microsoft Visual Studio Solution File, Format Version 12.00
# Visual Studio Version 16
VisualStudioVersion = 16.0.29411.108
MinimumVisualStudioVersion = 10.0.40219.1
Project("{9A19103F-16F7-4668-BE54-9A1E7A4F7556}") = "WatsonWebsocket", "WatsonWebsocket\WatsonWebsocket.csproj", "{93E69566-69CA-48A6-AA8C-52D23C5A1E2C}"
EndProject
Project("{9A19103F-16F7-4668-BE54-9A1E7A4F7556}") = "Test.Client", "Test.Client\Test.Client.csproj", "{77571E2F-DC94-41D3-8C4D-78D50D2D7E9C}"
EndProject
Project("{9A19103F-16F7-4668-BE54-9A1E7A4F7556}") = "Test.Server", "Test.Server\Test.Server.csproj", "{0EFEFCFF-B671-40BC-B13A-9455F5BC287E}"
EndProject
Project("{FAE04EC0-301F-11D3-BF4B-00C04F79EFBC}") = "Test.Integrity", "Test.Integrity\Test.Integrity.csproj", "{4AB0E77C-1DD4-4127-AEC5-107D72D3EEE3}"
EndProject
Global
	GlobalSection(SolutionConfigurationPlatforms) = preSolution
		Debug|Any CPU = Debug|Any CPU
		Release|Any CPU = Release|Any CPU
	EndGlobalSection
	GlobalSection(ProjectConfigurationPlatforms) = postSolution
		{93E69566-69CA-48A6-AA8C-52D23C5A1E2C}.Debug|Any CPU.ActiveCfg = Debug|Any CPU
		{93E69566-69CA-48A6-AA8C-52D23C5A1E2C}.Debug|Any CPU.Build.0 = Debug|Any CPU
		{93E69566-69CA-48A6-AA8C-52D23C5A1E2C}.Release|Any CPU.ActiveCfg = Release|Any CPU
		{93E69566-69CA-48A6-AA8C-52D23C5A1E2C}.Release|Any CPU.Build.0 = Release|Any CPU
		{77571E2F-DC94-41D3-8C4D-78D50D2D7E9C}.Debug|Any CPU.ActiveCfg = Debug|Any CPU
		{77571E2F-DC94-41D3-8C4D-78D50D2D7E9C}.Debug|Any CPU.Build.0 = Debug|Any CPU
		{77571E2F-DC94-41D3-8C4D-78D50D2D7E9C}.Release|Any CPU.ActiveCfg = Release|Any CPU
		{77571E2F-DC94-41D3-8C4D-78D50D2D7E9C}.Release|Any CPU.Build.0 = Release|Any CPU
		{0EFEFCFF-B671-40BC-B13A-9455F5BC287E}.Debug|Any CPU.ActiveCfg = Debug|Any CPU
		{0EFEFCFF-B671-40BC-B13A-9455F5BC287E}.Debug|Any CPU.Build.0 = Debug|Any CPU
		{0EFEFCFF-B671-40BC-B13A-9455F5BC287E}.Release|Any CPU.ActiveCfg = Release|Any CPU
		{0EFEFCFF-B671-40BC-B13A-9455F5BC287E}.Release|Any CPU.Build.0 = Release|Any CPU
		{4AB0E77C-1DD4-4127-AEC5-107D72D3EEE3}.Debug|Any CPU.ActiveCfg = Debug|Any CPU
		{4AB0E77C-1DD4-4127-AEC5-107D72D3EEE3}.Debug|Any CPU.Build.0 = Debug|Any CPU
		{4AB0E77C-1DD4-4127-AEC5-107D72D3EEE3}.Release|Any CPU.ActiveCfg = Release|Any CPU
		{4AB0E77C-1DD4-4127-AEC5-107D72D3EEE3}.Release|Any CPU.Build.0 = Release|Any CPU
	EndGlobalSection
	GlobalSection(SolutionProperties) = preSolution
		HideSolutionNode = FALSE
	EndGlobalSection
	GlobalSection(ExtensibilityGlobals) = postSolution
		SolutionGuid = {6A20FEDC-0312-4E40-A3EC-33E847FF2642}
	EndGlobalSection
EndGlobal
